// !$*UTF8*$!
{
	archiveVersion = 1;
	classes = {
	};
	objectVersion = 48;
	objects = {

/* Begin PBXBuildFile section */
		831CB5F21FAC914500D2ABCD /* AppDelegate.swift in Sources */ = {isa = PBXBuildFile; fileRef = 831CB5F11FAC914500D2ABCD /* AppDelegate.swift */; };
		831CB5F41FAC914500D2ABCD /* ViewController.swift in Sources */ = {isa = PBXBuildFile; fileRef = 831CB5F31FAC914500D2ABCD /* ViewController.swift */; };
		831CB5F71FAC914500D2ABCD /* Main.storyboard in Resources */ = {isa = PBXBuildFile; fileRef = 831CB5F51FAC914500D2ABCD /* Main.storyboard */; };
		831CB5F91FAC914500D2ABCD /* Assets.xcassets in Resources */ = {isa = PBXBuildFile; fileRef = 831CB5F81FAC914500D2ABCD /* Assets.xcassets */; };
		831CB5FC1FAC914500D2ABCD /* LaunchScreen.storyboard in Resources */ = {isa = PBXBuildFile; fileRef = 831CB5FA1FAC914500D2ABCD /* LaunchScreen.storyboard */; };
/* End PBXBuildFile section */

/* Begin PBXFileReference section */
		831CB5EE1FAC914500D2ABCD /* MustacheMe.app */ = {isa = PBXFileReference; explicitFileType = wrapper.application; includeInIndex = 0; path = MustacheMe.app; sourceTree = BUILT_PRODUCTS_DIR; };
		831CB5F11FAC914500D2ABCD /* AppDelegate.swift */ = {isa = PBXFileReference; lastKnownFileType = sourcecode.swift; path = AppDelegate.swift; sourceTree = "<group>"; };
		831CB5F31FAC914500D2ABCD /* ViewController.swift */ = {isa = PBXFileReference; lastKnownFileType = sourcecode.swift; path = ViewController.swift; sourceTree = "<group>"; };
		831CB5F61FAC914500D2ABCD /* Base */ = {isa = PBXFileReference; lastKnownFileType = file.storyboard; name = Base; path = Base.lproj/Main.storyboard; sourceTree = "<group>"; };
		831CB5F81FAC914500D2ABCD /* Assets.xcassets */ = {isa = PBXFileReference; lastKnownFileType = folder.assetcatalog; path = Assets.xcassets; sourceTree = "<group>"; };
		831CB5FB1FAC914500D2ABCD /* Base */ = {isa = PBXFileReference; lastKnownFileType = file.storyboard; name = Base; path = Base.lproj/LaunchScreen.storyboard; sourceTree = "<group>"; };
		831CB5FD1FAC914500D2ABCD /* Info.plist */ = {isa = PBXFileReference; lastKnownFileType = text.plist.xml; path = Info.plist; sourceTree = "<group>"; };
/* End PBXFileReference section */

/* Begin PBXFrameworksBuildPhase section */
		831CB5EB1FAC914500D2ABCD /* Frameworks */ = {
			isa = PBXFrameworksBuildPhase;
			buildActionMask = 2147483647;
			files = (
			);
			runOnlyForDeploymentPostprocessing = 0;
		};
/* End PBXFrameworksBuildPhase section */

/* Begin PBXGroup section */
		831CB5E51FAC914500D2ABCD = {
			isa = PBXGroup;
			children = (
				831CB5F01FAC914500D2ABCD /* MustacheMe */,
				831CB5EF1FAC914500D2ABCD /* Products */,
			);
			sourceTree = "<group>";
		};
		831CB5EF1FAC914500D2ABCD /* Products */ = {
			isa = PBXGroup;
			children = (
				831CB5EE1FAC914500D2ABCD /* MustacheMe.app */,
			);
			name = Products;
			sourceTree = "<group>";
		};
		831CB5F01FAC914500D2ABCD /* MustacheMe */ = {
			isa = PBXGroup;
			children = (
				831CB5F11FAC914500D2ABCD /* AppDelegate.swift */,
				831CB5F31FAC914500D2ABCD /* ViewController.swift */,
				831CB5F51FAC914500D2ABCD /* Main.storyboard */,
				831CB5F81FAC914500D2ABCD /* Assets.xcassets */,
				831CB5FA1FAC914500D2ABCD /* LaunchScreen.storyboard */,
				831CB5FD1FAC914500D2ABCD /* Info.plist */,
			);
			path = MustacheMe;
			sourceTree = "<group>";
		};
/* End PBXGroup section */

/* Begin PBXNativeTarget section */
		831CB5ED1FAC914500D2ABCD /* MustacheMe */ = {
			isa = PBXNativeTarget;
			buildConfigurationList = 831CB6001FAC914500D2ABCD /* Build configuration list for PBXNativeTarget "MustacheMe" */;
			buildPhases = (
				831CB5EA1FAC914500D2ABCD /* Sources */,
				831CB5EB1FAC914500D2ABCD /* Frameworks */,
				831CB5EC1FAC914500D2ABCD /* Resources */,
			);
			buildRules = (
			);
			dependencies = (
			);
			name = MustacheMe;
			productName = MustacheMe;
			productReference = 831CB5EE1FAC914500D2ABCD /* MustacheMe.app */;
			productType = "com.apple.product-type.application";
		};
/* End PBXNativeTarget section */

/* Begin PBXProject section */
		831CB5E61FAC914500D2ABCD /* Project object */ = {
			isa = PBXProject;
			attributes = {
				LastSwiftUpdateCheck = 0900;
				LastUpgradeCheck = 0900;
				ORGANIZATIONNAME = AssistStat;
				TargetAttributes = {
					831CB5ED1FAC914500D2ABCD = {
						CreatedOnToolsVersion = 9.0.1;
						ProvisioningStyle = Automatic;
					};
				};
			};
			buildConfigurationList = 831CB5E91FAC914500D2ABCD /* Build configuration list for PBXProject "MustacheMe" */;
			compatibilityVersion = "Xcode 8.0";
			developmentRegion = en;
			hasScannedForEncodings = 0;
			knownRegions = (
				en,
				Base,
			);
			mainGroup = 831CB5E51FAC914500D2ABCD;
			productRefGroup = 831CB5EF1FAC914500D2ABCD /* Products */;
			projectDirPath = "";
			projectRoot = "";
			targets = (
				831CB5ED1FAC914500D2ABCD /* MustacheMe */,
			);
		};
/* End PBXProject section */

/* Begin PBXResourcesBuildPhase section */
		831CB5EC1FAC914500D2ABCD /* Resources */ = {
			isa = PBXResourcesBuildPhase;
			buildActionMask = 2147483647;
			files = (
				831CB5FC1FAC914500D2ABCD /* LaunchScreen.storyboard in Resources */,
				831CB5F91FAC914500D2ABCD /* Assets.xcassets in Resources */,
				831CB5F71FAC914500D2ABCD /* Main.storyboard in Resources */,
			);
			runOnlyForDeploymentPostprocessing = 0;
		};
/* End PBXResourcesBuildPhase section */

/* Begin PBXSourcesBuildPhase section */
		831CB5EA1FAC914500D2ABCD /* Sources */ = {
			isa = PBXSourcesBuildPhase;
			buildActionMask = 2147483647;
			files = (
				831CB5F41FAC914500D2ABCD /* ViewController.swift in Sources */,
				831CB5F21FAC914500D2ABCD /* AppDelegate.swift in Sources */,
			);
			runOnlyForDeploymentPostprocessing = 0;
		};
/* End PBXSourcesBuildPhase section */

/* Begin PBXVariantGroup section */
		831CB5F51FAC914500D2ABCD /* Main.storyboard */ = {
			isa = PBXVariantGroup;
			children = (
				831CB5F61FAC914500D2ABCD /* Base */,
			);
			name = Main.storyboard;
			sourceTree = "<group>";
		};
		831CB5FA1FAC914500D2ABCD /* LaunchScreen.storyboard */ = {
			isa = PBXVariantGroup;
			children = (
				831CB5FB1FAC914500D2ABCD /* Base */,
			);
			name = LaunchScreen.storyboard;
			sourceTree = "<group>";
		};
/* End PBXVariantGroup section */

/* Begin XCBuildConfiguration section */
		831CB5FE1FAC914500D2ABCD /* Debug */ = {
			isa = XCBuildConfiguration;
			buildSettings = {
				ALWAYS_SEARCH_USER_PATHS = NO;
				CLANG_ANALYZER_NONNULL = YES;
				CLANG_ANALYZER_NUMBER_OBJECT_CONVERSION = YES_AGGRESSIVE;
				CLANG_CXX_LANGUAGE_STANDARD = "gnu++14";
				CLANG_CXX_LIBRARY = "libc++";
				CLANG_ENABLE_MODULES = YES;
				CLANG_ENABLE_OBJC_ARC = YES;
				CLANG_WARN_BLOCK_CAPTURE_AUTORELEASING = YES;
				CLANG_WARN_BOOL_CONVERSION = YES;
				CLANG_WARN_COMMA = YES;
				CLANG_WARN_CONSTANT_CONVERSION = YES;
				CLANG_WARN_DIRECT_OBJC_ISA_USAGE = YES_ERROR;
				CLANG_WARN_DOCUMENTATION_COMMENTS = YES;
				CLANG_WARN_EMPTY_BODY = YES;
				CLANG_WARN_ENUM_CONVERSION = YES;
				CLANG_WARN_INFINITE_RECURSION = YES;
				CLANG_WARN_INT_CONVERSION = YES;
				CLANG_WARN_NON_LITERAL_NULL_CONVERSION = YES;
				CLANG_WARN_OBJC_LITERAL_CONVERSION = YES;
				CLANG_WARN_OBJC_ROOT_CLASS = YES_ERROR;
				CLANG_WARN_RANGE_LOOP_ANALYSIS = YES;
				CLANG_WARN_STRICT_PROTOTYPES = YES;
				CLANG_WARN_SUSPICIOUS_MOVE = YES;
				CLANG_WARN_UNGUARDED_AVAILABILITY = YES_AGGRESSIVE;
				CLANG_WARN_UNREACHABLE_CODE = YES;
				CLANG_WARN__DUPLICATE_METHOD_MATCH = YES;
				CODE_SIGN_IDENTITY = "iPhone Developer";
				COPY_PHASE_STRIP = NO;
				DEBUG_INFORMATION_FORMAT = dwarf;
				ENABLE_STRICT_OBJC_MSGSEND = YES;
				ENABLE_TESTABILITY = YES;
				GCC_C_LANGUAGE_STANDARD = gnu11;
				GCC_DYNAMIC_NO_PIC = NO;
				GCC_NO_COMMON_BLOCKS = YES;
				GCC_OPTIMIZATION_LEVEL = 0;
				GCC_PREPROCESSOR_DEFINITIONS = (
					"DEBUG=1",
					"$(inherited)",
				);
				GCC_WARN_64_TO_32_BIT_CONVERSION = YES;
				GCC_WARN_ABOUT_RETURN_TYPE = YES_ERROR;
				GCC_WARN_UNDECLARED_SELECTOR = YES;
				GCC_WARN_UNINITIALIZED_AUTOS = YES_AGGRESSIVE;
				GCC_WARN_UNUSED_FUNCTION = YES;
				GCC_WARN_UNUSED_VARIABLE = YES;
				IPHONEOS_DEPLOYMENT_TARGET = 11.0;
				MTL_ENABLE_DEBUG_INFO = YES;
				ONLY_ACTIVE_ARCH = YES;
				SDKROOT = iphoneos;
				SWIFT_ACTIVE_COMPILATION_CONDITIONS = DEBUG;
				SWIFT_OPTIMIZATION_LEVEL = "-Onone";
			};
			name = Debug;
		};
		831CB5FF1FAC914500D2ABCD /* Release */ = {
			isa = XCBuildConfiguration;
			buildSettings = {
				ALWAYS_SEARCH_USER_PATHS = NO;
				CLANG_ANALYZER_NONNULL = YES;
				CLANG_ANALYZER_NUMBER_OBJECT_CONVERSION = YES_AGGRESSIVE;
				CLANG_CXX_LANGUAGE_STANDARD = "gnu++14";
				CLANG_CXX_LIBRARY = "libc++";
				CLANG_ENABLE_MODULES = YES;
				CLANG_ENABLE_OBJC_ARC = YES;
				CLANG_WARN_BLOCK_CAPTURE_AUTORELEASING = YES;
				CLANG_WARN_BOOL_CONVERSION = YES;
				CLANG_WARN_COMMA = YES;
				CLANG_WARN_CONSTANT_CONVERSION = YES;
				CLANG_WARN_DIRECT_OBJC_ISA_USAGE = YES_ERROR;
				CLANG_WARN_DOCUMENTATION_COMMENTS = YES;
				CLANG_WARN_EMPTY_BODY = YES;
				CLANG_WARN_ENUM_CONVERSION = YES;
				CLANG_WARN_INFINITE_RECURSION = YES;
				CLANG_WARN_INT_CONVERSION = YES;
				CLANG_WARN_NON_LITERAL_NULL_CONVERSION = YES;
				CLANG_WARN_OBJC_LITERAL_CONVERSION = YES;
				CLANG_WARN_OBJC_ROOT_CLASS = YES_ERROR;
				CLANG_WARN_RANGE_LOOP_ANALYSIS = YES;
				CLANG_WARN_STRICT_PROTOTYPES = YES;
				CLANG_WARN_SUSPICIOUS_MOVE = YES;
				CLANG_WARN_UNGUARDED_AVAILABILITY = YES_AGGRESSIVE;
				CLANG_WARN_UNREACHABLE_CODE = YES;
				CLANG_WARN__DUPLICATE_METHOD_MATCH = YES;
				CODE_SIGN_IDENTITY = "iPhone Developer";
				COPY_PHASE_STRIP = NO;
				DEBUG_INFORMATION_FORMAT = "dwarf-with-dsym";
				ENABLE_NS_ASSERTIONS = NO;
				ENABLE_STRICT_OBJC_MSGSEND = YES;
				GCC_C_LANGUAGE_STANDARD = gnu11;
				GCC_NO_COMMON_BLOCKS = YES;
				GCC_WARN_64_TO_32_BIT_CONVERSION = YES;
				GCC_WARN_ABOUT_RETURN_TYPE = YES_ERROR;
				GCC_WARN_UNDECLARED_SELECTOR = YES;
				GCC_WARN_UNINITIALIZED_AUTOS = YES_AGGRESSIVE;
				GCC_WARN_UNUSED_FUNCTION = YES;
				GCC_WARN_UNUSED_VARIABLE = YES;
				IPHONEOS_DEPLOYMENT_TARGET = 11.0;
				MTL_ENABLE_DEBUG_INFO = NO;
				SDKROOT = iphoneos;
				SWIFT_OPTIMIZATION_LEVEL = "-Owholemodule";
				VALIDATE_PRODUCT = YES;
			};
			name = Release;
		};
		831CB6011FAC914500D2ABCD /* Debug */ = {
			isa = XCBuildConfiguration;
			buildSettings = {
				ASSETCATALOG_COMPILER_APPICON_NAME = AppIcon;
				CODE_SIGN_STYLE = Automatic;
				DEVELOPMENT_TEAM = 84LWTY6T5F;
				INFOPLIST_FILE = MustacheMe/Info.plist;
				LD_RUNPATH_SEARCH_PATHS = "$(inherited) @executable_path/Frameworks";
				PRODUCT_BUNDLE_IDENTIFIER = com.AssistStat.MustacheMe;
				PRODUCT_NAME = "$(TARGET_NAME)";
				SWIFT_VERSION = 4.0;
				TARGETED_DEVICE_FAMILY = "1,2";
			};
			name = Debug;
		};
		831CB6021FAC914500D2ABCD /* Release */ = {
			isa = XCBuildConfiguration;
			buildSettings = {
				ASSETCATALOG_COMPILER_APPICON_NAME = AppIcon;
				CODE_SIGN_STYLE = Automatic;
				DEVELOPMENT_TEAM = 84LWTY6T5F;
				INFOPLIST_FILE = MustacheMe/Info.plist;
				LD_RUNPATH_SEARCH_PATHS = "$(inherited) @executable_path/Frameworks";
				PRODUCT_BUNDLE_IDENTIFIER = com.AssistStat.MustacheMe;
				PRODUCT_NAME = "$(TARGET_NAME)";
				SWIFT_VERSION = 4.0;
				TARGETED_DEVICE_FAMILY = "1,2";
			};
			name = Release;
		};
/* End XCBuildConfiguration section */

/* Begin XCConfigurationList section */
		831CB5E91FAC914500D2ABCD /* Build configuration list for PBXProject "MustacheMe" */ = {
			isa = XCConfigurationList;
			buildConfigurations = (
				831CB5FE1FAC914500D2ABCD /* Debug */,
				831CB5FF1FAC914500D2ABCD /* Release */,
			);
			defaultConfigurationIsVisible = 0;
			defaultConfigurationName = Release;
		};
		831CB6001FAC914500D2ABCD /* Build configuration list for PBXNativeTarget "MustacheMe" */ = {
			isa = XCConfigurationList;
			buildConfigurations = (
				831CB6011FAC914500D2ABCD /* Debug */,
				831CB6021FAC914500D2ABCD /* Release */,
			);
			defaultConfigurationIsVisible = 0;
			defaultConfigurationName = Release;
		};
/* End XCConfigurationList section */
	};
	rootObject = 831CB5E61FAC914500D2ABCD /* Project object */;
}
